lockfileVersion: '9.0'

settings:
  autoInstallPeers: true
  excludeLinksFromLockfile: false

importers:

  .:
    devDependencies:
      '@types/node':
        specifier: 24.0.3
        version: 24.0.3
      typescript:
        specifier: 5.8.3
        version: 5.8.3

  packages/crypto:
    dependencies:
      '@bsv-universal/protocol-types':
        specifier: workspace:*
        version: link:../protocol-types

  packages/engine:
    dependencies:
      '@bsv-universal/crypto':
        specifier: workspace:*
        version: link:../crypto
      '@bsv-universal/protocol-types':
        specifier: workspace:*
        version: link:../protocol-types

  packages/net:
    dependencies:
      '@bsv-universal/relay':
        specifier: workspace:*
        version: link:../relay
    devDependencies:
      '@bsv-universal/crypto':
        specifier: workspace:*
        version: link:../crypto
      '@bsv-universal/engine':
        specifier: workspace:*
        version: link:../engine
      '@bsv-universal/protocol-types':
        specifier: workspace:*
        version: link:../protocol-types
      '@bsv-universal/sdk':
        specifier: workspace:*
        version: link:../sdk

  packages/protocol-types: {}

  packages/relay:
    dependencies:
      '@bsv-universal/protocol-types':
        specifier: workspace:*
        version: link:../protocol-types

  packages/sdk:
    dependencies:
      '@bsv-universal/crypto':
        specifier: workspace:*
        version: link:../crypto
      '@bsv-universal/engine':
        specifier: workspace:*
        version: link:../engine
      '@bsv-universal/protocol-types':
        specifier: workspace:*
        version: link:../protocol-types

packages:

  '@types/node@24.0.3':
    resolution: {integrity: sha512-R4I/kzCYAdRLzfiCabn9hxWfbuHS573x+r0dJMkkzThEa7pbrcDWK+9zu3e7aBOouf+rQAciqPFMnxwr0aWgKg==}

  typescript@5.8.3:
    resolution: {integrity: sha512-p1diW6TqL9L07nNxvRMM7hMMw4c5XOo/1ibL4aAIGmSAt9slTE1Xgw5KWuof2uTOvCg9BY7ZRi+GaF+7sfgPeQ==}
    engines: {node: '>=14.17'}
    hasBin: true

  undici-types@7.8.0:
    resolution: {integrity: sha512-9UJ2xGDvQ43tYyVMpuHlsgApydB8ZKfVYTsLDhXkFL/6gfkp+U8xTGdh8pMJv1SpZna0zxG1DwsKZsreLbXBxw==}

snapshots:

  '@types/node@24.0.3':
    dependencies:
      undici-types: 7.8.0

  typescript@5.8.3: {}

  undici-types@7.8.0: {}
